
Microsoft Visual Studio Solution File, Format Version 12.00
# Visual Studio Version 17
VisualStudioVersion = 17.10.34916.146
MinimumVisualStudioVersion = 10.0.40219.1
Project("{FAE04EC0-301F-11D3-BF4B-00C04F79EFBC}") = "Gorgal.Server", "Gorgal.Server\Gorgal.Server.csproj", "{2EC3400C-CB90-4A47-A257-151BBE703F0B}"
EndProject
Project("{54A90642-561A-4BB1-A94E-469ADEE60C69}") = "gorgal.client", "gorgal.client\gorgal.client.esproj", "{1C4BD2D1-F239-4087-AE45-FE2147957A05}"
EndProject
Global
	GlobalSection(SolutionConfigurationPlatforms) = preSolution
		Debug|Any CPU = Debug|Any CPU
		Release|Any CPU = Release|Any CPU
	EndGlobalSection
	GlobalSection(ProjectConfigurationPlatforms) = postSolution
		{2EC3400C-CB90-4A47-A257-151BBE703F0B}.Debug|Any CPU.ActiveCfg = Debug|Any CPU
		{2EC3400C-CB90-4A47-A257-151BBE703F0B}.Debug|Any CPU.Build.0 = Debug|Any CPU
		{2EC3400C-CB90-4A47-A257-151BBE703F0B}.Release|Any CPU.ActiveCfg = Release|Any CPU
		{2EC3400C-CB90-4A47-A257-151BBE703F0B}.Release|Any CPU.Build.0 = Release|Any CPU
		{1C4BD2D1-F239-4087-AE45-FE2147957A05}.Debug|Any CPU.ActiveCfg = Debug|Any CPU
		{1C4BD2D1-F239-4087-AE45-FE2147957A05}.Debug|Any CPU.Build.0 = Debug|Any CPU
		{1C4BD2D1-F239-4087-AE45-FE2147957A05}.Debug|Any CPU.Deploy.0 = Debug|Any CPU
		{1C4BD2D1-F239-4087-AE45-FE2147957A05}.Release|Any CPU.ActiveCfg = Release|Any CPU
		{1C4BD2D1-F239-4087-AE45-FE2147957A05}.Release|Any CPU.Build.0 = Release|Any CPU
		{1C4BD2D1-F239-4087-AE45-FE2147957A05}.Release|Any CPU.Deploy.0 = Release|Any CPU
	EndGlobalSection
	GlobalSection(SolutionProperties) = preSolution
		HideSolutionNode = FALSE
	EndGlobalSection
	GlobalSection(ExtensibilityGlobals) = postSolution
		SolutionGuid = {F16366BA-43BC-4F8B-A9B7-132E3EAFDE62}
	EndGlobalSection
EndGlobal
